
Microsoft Visual Studio Solution File, Format Version 12.00
# Visual Studio Version 16
VisualStudioVersion = 16.0.31515.178
MinimumVisualStudioVersion = 10.0.40219.1
Project("{FAE04EC0-301F-11D3-BF4B-00C04F79EFBC}") = "JWT_Authentication", "JWT_Authentication\JWT_Authentication.csproj", "{2AD7BD61-AD90-4747-8920-D3541CBE0DEC}"
EndProject
Global
	GlobalSection(SolutionConfigurationPlatforms) = preSolution
		Debug|Any CPU = Debug|Any CPU
		Release|Any CPU = Release|Any CPU
	EndGlobalSection
	GlobalSection(ProjectConfigurationPlatforms) = postSolution
		{2AD7BD61-AD90-4747-8920-D3541CBE0DEC}.Debug|Any CPU.ActiveCfg = Debug|Any CPU
		{2AD7BD61-AD90-4747-8920-D3541CBE0DEC}.Debug|Any CPU.Build.0 = Debug|Any CPU
		{2AD7BD61-AD90-4747-8920-D3541CBE0DEC}.Release|Any CPU.ActiveCfg = Release|Any CPU
		{2AD7BD61-AD90-4747-8920-D3541CBE0DEC}.Release|Any CPU.Build.0 = Release|Any CPU
	EndGlobalSection
	GlobalSection(SolutionProperties) = preSolution
		HideSolutionNode = FALSE
	EndGlobalSection
	GlobalSection(ExtensibilityGlobals) = postSolution
		SolutionGuid = {FBE7B86D-5C0B-49F9-9CA5-801008AACC3A}
	EndGlobalSection
EndGlobal
